
Microsoft Visual Studio Solution File, Format Version 12.00
# Visual Studio 15
VisualStudioVersion = 15.0.28307.329
MinimumVisualStudioVersion = 10.0.40219.1
Project("{FAE04EC0-301F-11D3-BF4B-00C04F79EFBC}") = "OnlineTicketDeskUI", "OnlineTicketDeskUI\OnlineTicketDeskUI.csproj", "{B8B2FE20-FA02-44A6-AA55-34523AAF03AF}"
EndProject
Global
	GlobalSection(SolutionConfigurationPlatforms) = preSolution
		Debug|Any CPU = Debug|Any CPU
		Release|Any CPU = Release|Any CPU
	EndGlobalSection
	GlobalSection(ProjectConfigurationPlatforms) = postSolution
		{B8B2FE20-FA02-44A6-AA55-34523AAF03AF}.Debug|Any CPU.ActiveCfg = Debug|Any CPU
		{B8B2FE20-FA02-44A6-AA55-34523AAF03AF}.Debug|Any CPU.Build.0 = Debug|Any CPU
		{B8B2FE20-FA02-44A6-AA55-34523AAF03AF}.Release|Any CPU.ActiveCfg = Release|Any CPU
		{B8B2FE20-FA02-44A6-AA55-34523AAF03AF}.Release|Any CPU.Build.0 = Release|Any CPU
	EndGlobalSection
	GlobalSection(SolutionProperties) = preSolution
		HideSolutionNode = FALSE
	EndGlobalSection
	GlobalSection(ExtensibilityGlobals) = postSolution
		SolutionGuid = {AF68A04B-0193-4ADA-B5E1-4A3CA7080119}
	EndGlobalSection
EndGlobal
